
Microsoft Visual Studio Solution File, Format Version 12.00
# Visual Studio Version 16
VisualStudioVersion = 16.0.30907.101
MinimumVisualStudioVersion = 10.0.40219.1
Project("{FAE04EC0-301F-11D3-BF4B-00C04F79EFBC}") = "codeFirst2", "codeFirst2\codeFirst2.csproj", "{C9F47480-D03D-45E4-AE39-38EE3351A2FC}"
EndProject
Global
	GlobalSection(SolutionConfigurationPlatforms) = preSolution
		Debug|Any CPU = Debug|Any CPU
		Release|Any CPU = Release|Any CPU
	EndGlobalSection
	GlobalSection(ProjectConfigurationPlatforms) = postSolution
		{C9F47480-D03D-45E4-AE39-38EE3351A2FC}.Debug|Any CPU.ActiveCfg = Debug|Any CPU
		{C9F47480-D03D-45E4-AE39-38EE3351A2FC}.Debug|Any CPU.Build.0 = Debug|Any CPU
		{C9F47480-D03D-45E4-AE39-38EE3351A2FC}.Release|Any CPU.ActiveCfg = Release|Any CPU
		{C9F47480-D03D-45E4-AE39-38EE3351A2FC}.Release|Any CPU.Build.0 = Release|Any CPU
	EndGlobalSection
	GlobalSection(SolutionProperties) = preSolution
		HideSolutionNode = FALSE
	EndGlobalSection
	GlobalSection(ExtensibilityGlobals) = postSolution
		SolutionGuid = {0F6CAB49-BFB1-4513-B78B-B1BC04CD75D3}
	EndGlobalSection
EndGlobal
